PODS:
  - Alamofire (4.5.1)
  - AlamofireImage (3.3.0):
    - Alamofire (~> 4.5)
  - JSONParserSwift (1.1.4)

DEPENDENCIES:
  - Alamofire (= 4.5.1)
  - AlamofireImage (= 3.3.0)
  - JSONParserSwift (= 1.1.4)

SPEC CHECKSUMS:
  Alamofire: 2d95912bf4c34f164fdfc335872e8c312acaea4a
  AlamofireImage: 2e784dc5d00f04903a52c1d169181469c805c3df
  JSONParserSwift: fff6c8aee929431cfbb10d016e9b92f06f732057

PODFILE CHECKSUM: efa0183acf3a04a34d3a46b3668041ba1cd80ed0

COCOAPODS: 1.2.1
